
Microsoft Visual Studio Solution File, Format Version 12.00
# Visual Studio Version 16
VisualStudioVersion = 16.0.30907.101
MinimumVisualStudioVersion = 10.0.40219.1
Project("{8BC9CEB8-8B4A-11D0-8D11-00A0C91BC942}") = "230.07.Practice", "230.07.Practice.vcxproj", "{2CE64D49-45FC-45B7-A562-0EC40D8F3990}"
EndProject
Global
	GlobalSection(SolutionConfigurationPlatforms) = preSolution
		Debug|x64 = Debug|x64
		Debug|x86 = Debug|x86
		Release|x64 = Release|x64
		Release|x86 = Release|x86
	EndGlobalSection
	GlobalSection(ProjectConfigurationPlatforms) = postSolution
		{2CE64D49-45FC-45B7-A562-0EC40D8F3990}.Debug|x64.ActiveCfg = Debug|x64
		{2CE64D49-45FC-45B7-A562-0EC40D8F3990}.Debug|x64.Build.0 = Debug|x64
		{2CE64D49-45FC-45B7-A562-0EC40D8F3990}.Debug|x86.ActiveCfg = Debug|Win32
		{2CE64D49-45FC-45B7-A562-0EC40D8F3990}.Debug|x86.Build.0 = Debug|Win32
		{2CE64D49-45FC-45B7-A562-0EC40D8F3990}.Release|x64.ActiveCfg = Release|x64
		{2CE64D49-45FC-45B7-A562-0EC40D8F3990}.Release|x64.Build.0 = Release|x64
		{2CE64D49-45FC-45B7-A562-0EC40D8F3990}.Release|x86.ActiveCfg = Release|Win32
		{2CE64D49-45FC-45B7-A562-0EC40D8F3990}.Release|x86.Build.0 = Release|Win32
	EndGlobalSection
	GlobalSection(SolutionProperties) = preSolution
		HideSolutionNode = FALSE
	EndGlobalSection
	GlobalSection(ExtensibilityGlobals) = postSolution
		SolutionGuid = {48B3BC2F-F390-4F3C-9A66-2698C6294D44}
	EndGlobalSection
EndGlobal
